
Microsoft Visual Studio Solution File, Format Version 12.00
# Visual Studio 15
VisualStudioVersion = 15.0.28010.2016
MinimumVisualStudioVersion = 10.0.40219.1
Project("{9A19103F-16F7-4668-BE54-9A1E7A4F7556}") = "mrnotes", "mrnotes.csproj", "{2CFE53C8-E29F-4FDD-985C-A926D360DB82}"
EndProject
Global
	GlobalSection(SolutionConfigurationPlatforms) = preSolution
		Debug|Any CPU = Debug|Any CPU
		Release|Any CPU = Release|Any CPU
	EndGlobalSection
	GlobalSection(ProjectConfigurationPlatforms) = postSolution
		{2CFE53C8-E29F-4FDD-985C-A926D360DB82}.Debug|Any CPU.ActiveCfg = Debug|Any CPU
		{2CFE53C8-E29F-4FDD-985C-A926D360DB82}.Debug|Any CPU.Build.0 = Debug|Any CPU
		{2CFE53C8-E29F-4FDD-985C-A926D360DB82}.Release|Any CPU.ActiveCfg = Release|Any CPU
		{2CFE53C8-E29F-4FDD-985C-A926D360DB82}.Release|Any CPU.Build.0 = Release|Any CPU
	EndGlobalSection
	GlobalSection(SolutionProperties) = preSolution
		HideSolutionNode = FALSE
	EndGlobalSection
	GlobalSection(ExtensibilityGlobals) = postSolution
		SolutionGuid = {04BBFB3D-DDAC-44DF-A95E-8B8EFBA0F4A2}
	EndGlobalSection
EndGlobal
